
Microsoft Visual Studio Solution File, Format Version 11.00
# Visual C++ Express 2010
Project("{8BC9CEB8-8B4A-11D0-8D11-00A0C91BC942}") = "AlphaDict", "AlphaDict\AlphaDict.vcxproj", "{C63F55EA-3FD1-44FF-B166-93AF986120F4}"
EndProject
Project("{8BC9CEB8-8B4A-11D0-8D11-00A0C91BC942}") = "convert", "convert\convert.vcxproj", "{486B626F-7412-4052-89D9-001FFDFC66A5}"
EndProject
Project("{8BC9CEB8-8B4A-11D0-8D11-00A0C91BC942}") = "TextOutHook", "TextOutHook\TextOutHook.vcxproj", "{FE9B453C-2804-4780-8242-6E72EC2C9CC8}"
EndProject
Project("{8BC9CEB8-8B4A-11D0-8D11-00A0C91BC942}") = "TextOutHookInjecter", "TextOutHookInjecter\TextOutHookInjecter.vcxproj", "{69D995A2-75D0-44A4-B9B6-EF6C362C91E5}"
	ProjectSection(ProjectDependencies) = postProject
		{FE9B453C-2804-4780-8242-6E72EC2C9CC8} = {FE9B453C-2804-4780-8242-6E72EC2C9CC8}
	EndProjectSection
EndProject
Global
	GlobalSection(SolutionConfigurationPlatforms) = preSolution
		Debug|Win32 = Debug|Win32
		Release|Win32 = Release|Win32
	EndGlobalSection
	GlobalSection(ProjectConfigurationPlatforms) = postSolution
		{C63F55EA-3FD1-44FF-B166-93AF986120F4}.Debug|Win32.ActiveCfg = Release|Win32
		{C63F55EA-3FD1-44FF-B166-93AF986120F4}.Debug|Win32.Build.0 = Release|Win32
		{C63F55EA-3FD1-44FF-B166-93AF986120F4}.Release|Win32.ActiveCfg = Release|Win32
		{C63F55EA-3FD1-44FF-B166-93AF986120F4}.Release|Win32.Build.0 = Release|Win32
		{486B626F-7412-4052-89D9-001FFDFC66A5}.Debug|Win32.ActiveCfg = Release|Win32
		{486B626F-7412-4052-89D9-001FFDFC66A5}.Debug|Win32.Build.0 = Release|Win32
		{486B626F-7412-4052-89D9-001FFDFC66A5}.Release|Win32.ActiveCfg = Release|Win32
		{486B626F-7412-4052-89D9-001FFDFC66A5}.Release|Win32.Build.0 = Release|Win32
		{FE9B453C-2804-4780-8242-6E72EC2C9CC8}.Debug|Win32.ActiveCfg = Debug|Win32
		{FE9B453C-2804-4780-8242-6E72EC2C9CC8}.Debug|Win32.Build.0 = Debug|Win32
		{FE9B453C-2804-4780-8242-6E72EC2C9CC8}.Release|Win32.ActiveCfg = Release|Win32
		{FE9B453C-2804-4780-8242-6E72EC2C9CC8}.Release|Win32.Build.0 = Release|Win32
		{69D995A2-75D0-44A4-B9B6-EF6C362C91E5}.Debug|Win32.ActiveCfg = Debug|Win32
		{69D995A2-75D0-44A4-B9B6-EF6C362C91E5}.Debug|Win32.Build.0 = Debug|Win32
		{69D995A2-75D0-44A4-B9B6-EF6C362C91E5}.Release|Win32.ActiveCfg = Release|Win32
		{69D995A2-75D0-44A4-B9B6-EF6C362C91E5}.Release|Win32.Build.0 = Release|Win32
	EndGlobalSection
	GlobalSection(SolutionProperties) = preSolution
		HideSolutionNode = FALSE
	EndGlobalSection
EndGlobal
